
Microsoft Visual Studio Solution File, Format Version 12.00
# Visual Studio Version 17
VisualStudioVersion = 17.3.32929.385
MinimumVisualStudioVersion = 10.0.40219.1
Project("{FAE04EC0-301F-11D3-BF4B-00C04F79EFBC}") = "WpfApp1", "WpfApp1\WpfApp1.csproj", "{07AEE9E6-7740-42E4-AB32-FE1D39002A90}"
EndProject
Global
	GlobalSection(SolutionConfigurationPlatforms) = preSolution
		Debug|Any CPU = Debug|Any CPU
		Release|Any CPU = Release|Any CPU
	EndGlobalSection
	GlobalSection(ProjectConfigurationPlatforms) = postSolution
		{07AEE9E6-7740-42E4-AB32-FE1D39002A90}.Debug|Any CPU.ActiveCfg = Debug|Any CPU
		{07AEE9E6-7740-42E4-AB32-FE1D39002A90}.Debug|Any CPU.Build.0 = Debug|Any CPU
		{07AEE9E6-7740-42E4-AB32-FE1D39002A90}.Release|Any CPU.ActiveCfg = Release|Any CPU
		{07AEE9E6-7740-42E4-AB32-FE1D39002A90}.Release|Any CPU.Build.0 = Release|Any CPU
	EndGlobalSection
	GlobalSection(SolutionProperties) = preSolution
		HideSolutionNode = FALSE
	EndGlobalSection
	GlobalSection(ExtensibilityGlobals) = postSolution
		SolutionGuid = {2B5FFCEB-B53A-4192-8978-F824FC073690}
	EndGlobalSection
EndGlobal
